
Microsoft Visual Studio Solution File, Format Version 12.00
# Visual Studio Version 16
VisualStudioVersion = 16.0.30517.126
MinimumVisualStudioVersion = 10.0.40219.1
Project("{FAE04EC0-301F-11D3-BF4B-00C04F79EFBC}") = "FirstCoreProject", "FirstCoreProject\FirstCoreProject.csproj", "{3A4532DF-782D-426D-BD32-78EE3533117A}"
EndProject
Global
	GlobalSection(SolutionConfigurationPlatforms) = preSolution
		Debug|Any CPU = Debug|Any CPU
		Release|Any CPU = Release|Any CPU
	EndGlobalSection
	GlobalSection(ProjectConfigurationPlatforms) = postSolution
		{3A4532DF-782D-426D-BD32-78EE3533117A}.Debug|Any CPU.ActiveCfg = Debug|Any CPU
		{3A4532DF-782D-426D-BD32-78EE3533117A}.Debug|Any CPU.Build.0 = Debug|Any CPU
		{3A4532DF-782D-426D-BD32-78EE3533117A}.Release|Any CPU.ActiveCfg = Release|Any CPU
		{3A4532DF-782D-426D-BD32-78EE3533117A}.Release|Any CPU.Build.0 = Release|Any CPU
	EndGlobalSection
	GlobalSection(SolutionProperties) = preSolution
		HideSolutionNode = FALSE
	EndGlobalSection
	GlobalSection(ExtensibilityGlobals) = postSolution
		SolutionGuid = {47D5D912-2BDD-432F-B8C3-445909A9DE96}
	EndGlobalSection
EndGlobal
